
Microsoft Visual Studio Solution File, Format Version 12.00
# Visual Studio Version 17
VisualStudioVersion = 17.4.33213.308
MinimumVisualStudioVersion = 10.0.40219.1
Project("{FAE04EC0-301F-11D3-BF4B-00C04F79EFBC}") = "Feb21", "Feb21\Feb21.csproj", "{EF276ACD-6B7E-419B-8B73-8069D33F68FD}"
EndProject
Global
	GlobalSection(SolutionConfigurationPlatforms) = preSolution
		Debug|Any CPU = Debug|Any CPU
		Release|Any CPU = Release|Any CPU
	EndGlobalSection
	GlobalSection(ProjectConfigurationPlatforms) = postSolution
		{EF276ACD-6B7E-419B-8B73-8069D33F68FD}.Debug|Any CPU.ActiveCfg = Debug|Any CPU
		{EF276ACD-6B7E-419B-8B73-8069D33F68FD}.Debug|Any CPU.Build.0 = Debug|Any CPU
		{EF276ACD-6B7E-419B-8B73-8069D33F68FD}.Release|Any CPU.ActiveCfg = Release|Any CPU
		{EF276ACD-6B7E-419B-8B73-8069D33F68FD}.Release|Any CPU.Build.0 = Release|Any CPU
	EndGlobalSection
	GlobalSection(SolutionProperties) = preSolution
		HideSolutionNode = FALSE
	EndGlobalSection
	GlobalSection(ExtensibilityGlobals) = postSolution
		SolutionGuid = {45F6049B-3202-4E05-9E42-5BCF36D6B624}
	EndGlobalSection
EndGlobal
