
Microsoft Visual Studio Solution File, Format Version 12.00
# Visual Studio Version 17
VisualStudioVersion = 17.4.33213.308
MinimumVisualStudioVersion = 10.0.40219.1
Project("{FAE04EC0-301F-11D3-BF4B-00C04F79EFBC}") = "Feb10", "Feb10\Feb10.csproj", "{7C5C84EF-8CE2-4045-86A2-13CFB301C2CC}"
EndProject
Global
	GlobalSection(SolutionConfigurationPlatforms) = preSolution
		Debug|Any CPU = Debug|Any CPU
		Release|Any CPU = Release|Any CPU
	EndGlobalSection
	GlobalSection(ProjectConfigurationPlatforms) = postSolution
		{7C5C84EF-8CE2-4045-86A2-13CFB301C2CC}.Debug|Any CPU.ActiveCfg = Debug|Any CPU
		{7C5C84EF-8CE2-4045-86A2-13CFB301C2CC}.Debug|Any CPU.Build.0 = Debug|Any CPU
		{7C5C84EF-8CE2-4045-86A2-13CFB301C2CC}.Release|Any CPU.ActiveCfg = Release|Any CPU
		{7C5C84EF-8CE2-4045-86A2-13CFB301C2CC}.Release|Any CPU.Build.0 = Release|Any CPU
	EndGlobalSection
	GlobalSection(SolutionProperties) = preSolution
		HideSolutionNode = FALSE
	EndGlobalSection
	GlobalSection(ExtensibilityGlobals) = postSolution
		SolutionGuid = {D7D976ED-BB06-4B47-A98E-72D546B2DAF2}
	EndGlobalSection
EndGlobal
